{
    "name": "TT-Programmers-Competition-2017",
    "version": "0.0.1",
    "lockfileVersion": 1,
    "requires": true,
    "dependencies": {
        "@types/core-js": {
            "version": "0.9.43",
            "resolved": "https://registry.npmjs.org/@types/core-js/-/core-js-0.9.43.tgz",
            "integrity": "sha512-Y11dktBJ5YwKXX8DfHSb9V6shXKSHN5P2URPZLHTRjX3OsO/u8u1kZnSJvsuSH74aTg8f5ZKcpEeCdIJOcBkHg==",
            "dev": true
        },
        "@types/node": {
            "version": "8.0.50",
            "resolved": "https://registry.npmjs.org/@types/node/-/node-8.0.50.tgz",
            "integrity": "sha512-N9OVsMBspboNvYaLAQnLEhb2eQ96lavogMR5LoH5k8nb1PvBZHSBFhzhsq2LNzGTBBOtBviOc1GiSu+wlM/pGw==",
            "dev": true
        },
        "@types/underscore": {
            "version": "1.8.4",
            "resolved": "https://registry.npmjs.org/@types/underscore/-/underscore-1.8.4.tgz",
            "integrity": "sha512-lYM1FJ9v+gxyeH13ty22qvl5Z/UPq1xCwmxZANqzPNRBddshb6Q6uOUeat2FcPNKRqVg2dunxDCEa5X9gmrqeQ==",
            "dev": true
        },
        "core-js": {
            "version": "2.5.1",
            "resolved": "https://registry.npmjs.org/core-js/-/core-js-2.5.1.tgz",
            "integrity": "sha1-rmh03GaTd4m4B1T/VCjfZoGcpQs="
        },
        "typescript": {
            "version": "2.6.1",
            "resolved": "https://registry.npmjs.org/typescript/-/typescript-2.6.1.tgz",
            "integrity": "sha1-7znN6ierrAtQAkLWcmq5DgyEZjE=",
            "dev": true
        },
        "underscore": {
            "version": "1.8.3",
            "resolved": "https://registry.npmjs.org/underscore/-/underscore-1.8.3.tgz",
            "integrity": "sha1-Tz+1OxBuYJf8+ctBCfKl6b36UCI="
        }
    }
}
