{
    "name": "TT-Programmers-Competition-2017",
    "version": "0.0.1",
    "lockfileVersion": 1,
    "requires": true,
    "dependencies": {
        "@types/core-js": {
            "version": "0.9.43",
            "resolved": "https://registry.npmjs.org/@types/core-js/-/core-js-0.9.43.tgz",
            "integrity": "sha512-Y11dktBJ5YwKXX8DfHSb9V6shXKSHN5P2URPZLHTRjX3OsO/u8u1kZnSJvsuSH74aTg8f5ZKcpEeCdIJOcBkHg==",
            "dev": true
        },
        "@types/node": {
            "version": "8.0.46",
            "resolved": "https://registry.npmjs.org/@types/node/-/node-8.0.46.tgz",
            "integrity": "sha512-rRkP4kb5JYIfAoRKaDbcdPZBcTNOgzSApyzhPN9e6rhViSJAWQGlSXIX5gc75iR02jikhpzy3usu31wMHllfFw==",
            "dev": true
        },
        "@types/underscore": {
            "version": "1.8.3",
            "resolved": "https://registry.npmjs.org/@types/underscore/-/underscore-1.8.3.tgz",
            "integrity": "sha512-DP70788BXjp9+CKArXOUlNkZaXa+rHonDpbqH3/74ez16dLL5z2/bMT37etbln5J+H9M07NbRUyduDIoTM2tnw==",
            "dev": true
        },
        "core-js": {
            "version": "2.5.1",
            "resolved": "https://registry.npmjs.org/core-js/-/core-js-2.5.1.tgz",
            "integrity": "sha1-rmh03GaTd4m4B1T/VCjfZoGcpQs="
        },
        "typescript": {
            "version": "2.5.3",
            "resolved": "https://registry.npmjs.org/typescript/-/typescript-2.5.3.tgz",
            "integrity": "sha512-ptLSQs2S4QuS6/OD1eAKG+S5G8QQtrU5RT32JULdZQtM1L3WTi34Wsu48Yndzi8xsObRAB9RPt/KhA9wlpEF6w==",
            "dev": true
        },
        "underscore": {
            "version": "1.8.3",
            "resolved": "https://registry.npmjs.org/underscore/-/underscore-1.8.3.tgz",
            "integrity": "sha1-Tz+1OxBuYJf8+ctBCfKl6b36UCI="
        }
    }
}
